
Microsoft Visual Studio Solution File, Format Version 12.00
# Visual Studio Version 17
VisualStudioVersion = 17.4.33205.214
MinimumVisualStudioVersion = 10.0.40219.1
Project("{FAE04EC0-301F-11D3-BF4B-00C04F79EFBC}") = "ContactAdministrator", "ContactAdministrator\ContactAdministrator.csproj", "{C0BAD26E-22CD-4D3F-A100-7C72F99EF545}"
EndProject
Global
	GlobalSection(SolutionConfigurationPlatforms) = preSolution
		Debug|Any CPU = Debug|Any CPU
		Release|Any CPU = Release|Any CPU
	EndGlobalSection
	GlobalSection(ProjectConfigurationPlatforms) = postSolution
		{C0BAD26E-22CD-4D3F-A100-7C72F99EF545}.Debug|Any CPU.ActiveCfg = Debug|Any CPU
		{C0BAD26E-22CD-4D3F-A100-7C72F99EF545}.Debug|Any CPU.Build.0 = Debug|Any CPU
		{C0BAD26E-22CD-4D3F-A100-7C72F99EF545}.Release|Any CPU.ActiveCfg = Release|Any CPU
		{C0BAD26E-22CD-4D3F-A100-7C72F99EF545}.Release|Any CPU.Build.0 = Release|Any CPU
	EndGlobalSection
	GlobalSection(SolutionProperties) = preSolution
		HideSolutionNode = FALSE
	EndGlobalSection
	GlobalSection(ExtensibilityGlobals) = postSolution
		SolutionGuid = {DCB881FD-2C77-4781-AC63-68F7EF6175D3}
	EndGlobalSection
EndGlobal
